
Microsoft Visual Studio Solution File, Format Version 12.00
# Visual Studio 15
VisualStudioVersion = 15.0.28307.329
MinimumVisualStudioVersion = 10.0.40219.1
Project("{9A19103F-16F7-4668-BE54-9A1E7A4F7556}") = "AspNetCore.KeycloakAuthentication", "AspNetCore.KeycloakAuthentication\AspNetCore.KeycloakAuthentication.csproj", "{31C84791-9C87-433B-9FB6-45E5B018B9BA}"
EndProject
Project("{9A19103F-16F7-4668-BE54-9A1E7A4F7556}") = "AspNetCore.Keycloak.Authentication.Tests", "AspNetCore.Keycloak.Authentication.Tests\AspNetCore.Keycloak.Authentication.Tests.csproj", "{2FF23504-314A-4167-8B1C-2913644055DC}"
EndProject
Project("{9A19103F-16F7-4668-BE54-9A1E7A4F7556}") = "AspNetCore.Authentication.WApp", "AspNetCore.Authentication.WApp\AspNetCore.Authentication.WApp.csproj", "{71AA29BD-C1AD-4E38-957D-1AF6EFF2583E}"
EndProject
Project("{2150E333-8FDC-42A3-9474-1A3956D46DE8}") = "Examples", "Examples", "{644A231D-0191-4A36-A4D0-B3D696466ABA}"
EndProject
Project("{2150E333-8FDC-42A3-9474-1A3956D46DE8}") = "Nuget", "Nuget", "{8EA52FBA-2504-4DAA-9A02-0900DDBEC214}"
EndProject
Project("{9A19103F-16F7-4668-BE54-9A1E7A4F7556}") = "AspNetCore.Authentication.WebApiThree", "AspNetCore.Authentication.WebApiThree\AspNetCore.Authentication.WebApiThree.csproj", "{ABBD7705-A8E6-403E-B6CB-872CA175E38A}"
EndProject
Project("{9A19103F-16F7-4668-BE54-9A1E7A4F7556}") = "AspNetCore.Authentication.WebApiTwo", "AspNetCore.Authentication.WebApiTwo\AspNetCore.Authentication.WebApiTwo.csproj", "{4EEAE0B9-1F71-41A9-919C-199131787BAE}"
EndProject
Project("{E53339B2-1760-4266-BCC7-CA923CBCF16C}") = "docker-compose", "docker-compose.dcproj", "{7679189E-9F92-4486-BAE8-61F72798FB3E}"
EndProject
Global
	GlobalSection(SolutionConfigurationPlatforms) = preSolution
		Debug|Any CPU = Debug|Any CPU
		Release|Any CPU = Release|Any CPU
	EndGlobalSection
	GlobalSection(ProjectConfigurationPlatforms) = postSolution
		{31C84791-9C87-433B-9FB6-45E5B018B9BA}.Debug|Any CPU.ActiveCfg = Debug|Any CPU
		{31C84791-9C87-433B-9FB6-45E5B018B9BA}.Debug|Any CPU.Build.0 = Debug|Any CPU
		{31C84791-9C87-433B-9FB6-45E5B018B9BA}.Release|Any CPU.ActiveCfg = Release|Any CPU
		{31C84791-9C87-433B-9FB6-45E5B018B9BA}.Release|Any CPU.Build.0 = Release|Any CPU
		{2FF23504-314A-4167-8B1C-2913644055DC}.Debug|Any CPU.ActiveCfg = Debug|Any CPU
		{2FF23504-314A-4167-8B1C-2913644055DC}.Debug|Any CPU.Build.0 = Debug|Any CPU
		{2FF23504-314A-4167-8B1C-2913644055DC}.Release|Any CPU.ActiveCfg = Release|Any CPU
		{2FF23504-314A-4167-8B1C-2913644055DC}.Release|Any CPU.Build.0 = Release|Any CPU
		{71AA29BD-C1AD-4E38-957D-1AF6EFF2583E}.Debug|Any CPU.ActiveCfg = Debug|Any CPU
		{71AA29BD-C1AD-4E38-957D-1AF6EFF2583E}.Debug|Any CPU.Build.0 = Debug|Any CPU
		{71AA29BD-C1AD-4E38-957D-1AF6EFF2583E}.Release|Any CPU.ActiveCfg = Release|Any CPU
		{71AA29BD-C1AD-4E38-957D-1AF6EFF2583E}.Release|Any CPU.Build.0 = Release|Any CPU
		{ABBD7705-A8E6-403E-B6CB-872CA175E38A}.Debug|Any CPU.ActiveCfg = Debug|Any CPU
		{ABBD7705-A8E6-403E-B6CB-872CA175E38A}.Debug|Any CPU.Build.0 = Debug|Any CPU
		{ABBD7705-A8E6-403E-B6CB-872CA175E38A}.Release|Any CPU.ActiveCfg = Release|Any CPU
		{ABBD7705-A8E6-403E-B6CB-872CA175E38A}.Release|Any CPU.Build.0 = Release|Any CPU
		{4EEAE0B9-1F71-41A9-919C-199131787BAE}.Debug|Any CPU.ActiveCfg = Debug|Any CPU
		{4EEAE0B9-1F71-41A9-919C-199131787BAE}.Debug|Any CPU.Build.0 = Debug|Any CPU
		{4EEAE0B9-1F71-41A9-919C-199131787BAE}.Release|Any CPU.ActiveCfg = Release|Any CPU
		{4EEAE0B9-1F71-41A9-919C-199131787BAE}.Release|Any CPU.Build.0 = Release|Any CPU
		{7679189E-9F92-4486-BAE8-61F72798FB3E}.Debug|Any CPU.ActiveCfg = Debug|Any CPU
		{7679189E-9F92-4486-BAE8-61F72798FB3E}.Debug|Any CPU.Build.0 = Debug|Any CPU
		{7679189E-9F92-4486-BAE8-61F72798FB3E}.Release|Any CPU.ActiveCfg = Release|Any CPU
		{7679189E-9F92-4486-BAE8-61F72798FB3E}.Release|Any CPU.Build.0 = Release|Any CPU
	EndGlobalSection
	GlobalSection(SolutionProperties) = preSolution
		HideSolutionNode = FALSE
	EndGlobalSection
	GlobalSection(NestedProjects) = preSolution
		{31C84791-9C87-433B-9FB6-45E5B018B9BA} = {8EA52FBA-2504-4DAA-9A02-0900DDBEC214}
		{2FF23504-314A-4167-8B1C-2913644055DC} = {8EA52FBA-2504-4DAA-9A02-0900DDBEC214}
		{71AA29BD-C1AD-4E38-957D-1AF6EFF2583E} = {644A231D-0191-4A36-A4D0-B3D696466ABA}
		{ABBD7705-A8E6-403E-B6CB-872CA175E38A} = {644A231D-0191-4A36-A4D0-B3D696466ABA}
		{4EEAE0B9-1F71-41A9-919C-199131787BAE} = {644A231D-0191-4A36-A4D0-B3D696466ABA}
	EndGlobalSection
	GlobalSection(ExtensibilityGlobals) = postSolution
		SolutionGuid = {6F0045FF-9E14-4DC5-AE61-78BD3701AEE9}
	EndGlobalSection
EndGlobal
